// !$*UTF8*$!
{
	archiveVersion = 1;
	classes = {
	};
	objectVersion = 46;
	objects = {

/* Begin PBXBuildFile section */
		990CDFE61D1BCEF100A61965 /* QY_Calendar.m in Sources */ = {isa = PBXBuildFile; fileRef = 990CDFE51D1BCEF100A61965 /* QY_Calendar.m */; };
		990CDFE71D1BCEF100A61965 /* QY_Calendar.m in Sources */ = {isa = PBXBuildFile; fileRef = 990CDFE51D1BCEF100A61965 /* QY_Calendar.m */; };
		990CDFE91D1BE44300A61965 /* QY_Calendar.xib in Resources */ = {isa = PBXBuildFile; fileRef = 990CDFE81D1BE44300A61965 /* QY_Calendar.xib */; };
		990CDFEA1D1BE44300A61965 /* QY_Calendar.xib in Resources */ = {isa = PBXBuildFile; fileRef = 990CDFE81D1BE44300A61965 /* QY_Calendar.xib */; };
		99BE4ADB1D1BAC4600E5BAA2 /* main.m in Sources */ = {isa = PBXBuildFile; fileRef = 99BE4ADA1D1BAC4600E5BAA2 /* main.m */; };
		99BE4ADE1D1BAC4700E5BAA2 /* AppDelegate.m in Sources */ = {isa = PBXBuildFile; fileRef = 99BE4ADD1D1BAC4700E5BAA2 /* AppDelegate.m */; };
		99BE4AE11D1BAC4700E5BAA2 /* ViewController.m in Sources */ = {isa = PBXBuildFile; fileRef = 99BE4AE01D1BAC4700E5BAA2 /* ViewController.m */; };
		99BE4AE41D1BAC4700E5BAA2 /* Main.storyboard in Resources */ = {isa = PBXBuildFile; fileRef = 99BE4AE21D1BAC4700E5BAA2 /* Main.storyboard */; };
		99BE4AE61D1BAC4700E5BAA2 /* Assets.xcassets in Resources */ = {isa = PBXBuildFile; fileRef = 99BE4AE51D1BAC4700E5BAA2 /* Assets.xcassets */; };
		99BE4AE91D1BAC4700E5BAA2 /* LaunchScreen.storyboard in Resources */ = {isa = PBXBuildFile; fileRef = 99BE4AE71D1BAC4700E5BAA2 /* LaunchScreen.storyboard */; };
		99BE4AF41D1BAC4700E5BAA2 /* QY_WidgetDemoTests.m in Sources */ = {isa = PBXBuildFile; fileRef = 99BE4AF31D1BAC4700E5BAA2 /* QY_WidgetDemoTests.m */; };
		99BE4AFF1D1BAC4700E5BAA2 /* QY_WidgetDemoUITests.m in Sources */ = {isa = PBXBuildFile; fileRef = 99BE4AFE1D1BAC4700E5BAA2 /* QY_WidgetDemoUITests.m */; };
		99BE4B271D1BB0DA00E5BAA2 /* NotificationCenter.framework in Frameworks */ = {isa = PBXBuildFile; fileRef = 99BE4B261D1BB0DA00E5BAA2 /* NotificationCenter.framework */; };
		99BE4B2B1D1BB0DA00E5BAA2 /* TodayViewController.m in Sources */ = {isa = PBXBuildFile; fileRef = 99BE4B2A1D1BB0DA00E5BAA2 /* TodayViewController.m */; };
		99BE4B321D1BB0DA00E5BAA2 /* Calendar.appex in Embed App Extensions */ = {isa = PBXBuildFile; fileRef = 99BE4B241D1BB0DA00E5BAA2 /* Calendar.appex */; settings = {ATTRIBUTES = (RemoveHeadersOnCopy, ); }; };
/* End PBXBuildFile section */

/* Begin PBXContainerItemProxy section */
		99BE4AF01D1BAC4700E5BAA2 /* PBXContainerItemProxy */ = {
			isa = PBXContainerItemProxy;
			containerPortal = 99BE4ACE1D1BAC4600E5BAA2 /* Project object */;
			proxyType = 1;
			remoteGlobalIDString = 99BE4AD51D1BAC4600E5BAA2;
			remoteInfo = QY_WidgetDemo;
		};
		99BE4AFB1D1BAC4700E5BAA2 /* PBXContainerItemProxy */ = {
			isa = PBXContainerItemProxy;
			containerPortal = 99BE4ACE1D1BAC4600E5BAA2 /* Project object */;
			proxyType = 1;
			remoteGlobalIDString = 99BE4AD51D1BAC4600E5BAA2;
			remoteInfo = QY_WidgetDemo;
		};
		99BE4B301D1BB0DA00E5BAA2 /* PBXContainerItemProxy */ = {
			isa = PBXContainerItemProxy;
			containerPortal = 99BE4ACE1D1BAC4600E5BAA2 /* Project object */;
			proxyType = 1;
			remoteGlobalIDString = 99BE4B231D1BB0DA00E5BAA2;
			remoteInfo = Calendar;
		};
/* End PBXContainerItemProxy section */

/* Begin PBXCopyFilesBuildPhase section */
		99BE4B361D1BB0DA00E5BAA2 /* Embed App Extensions */ = {
			isa = PBXCopyFilesBuildPhase;
			buildActionMask = 2147483647;
			dstPath = "";
			dstSubfolderSpec = 13;
			files = (
				99BE4B321D1BB0DA00E5BAA2 /* Calendar.appex in Embed App Extensions */,
			);
			name = "Embed App Extensions";
			runOnlyForDeploymentPostprocessing = 0;
		};
/* End PBXCopyFilesBuildPhase section */

/* Begin PBXFileReference section */
		990CDFE41D1BCEF100A61965 /* QY_Calendar.h */ = {isa = PBXFileReference; fileEncoding = 4; lastKnownFileType = sourcecode.c.h; path = QY_Calendar.h; sourceTree = "<group>"; };
		990CDFE51D1BCEF100A61965 /* QY_Calendar.m */ = {isa = PBXFileReference; fileEncoding = 4; lastKnownFileType = sourcecode.c.objc; path = QY_Calendar.m; sourceTree = "<group>"; };
		990CDFE81D1BE44300A61965 /* QY_Calendar.xib */ = {isa = PBXFileReference; fileEncoding = 4; lastKnownFileType = file.xib; path = QY_Calendar.xib; sourceTree = "<group>"; };
		99BE4AD61D1BAC4600E5BAA2 /* QY_WidgetDemo.app */ = {isa = PBXFileReference; explicitFileType = wrapper.application; includeInIndex = 0; path = QY_WidgetDemo.app; sourceTree = BUILT_PRODUCTS_DIR; };
		99BE4ADA1D1BAC4600E5BAA2 /* main.m */ = {isa = PBXFileReference; lastKnownFileType = sourcecode.c.objc; path = main.m; sourceTree = "<group>"; };
		99BE4ADC1D1BAC4700E5BAA2 /* AppDelegate.h */ = {isa = PBXFileReference; lastKnownFileType = sourcecode.c.h; path = AppDelegate.h; sourceTree = "<group>"; };
		99BE4ADD1D1BAC4700E5BAA2 /* AppDelegate.m */ = {isa = PBXFileReference; lastKnownFileType = sourcecode.c.objc; path = AppDelegate.m; sourceTree = "<group>"; };
		99BE4ADF1D1BAC4700E5BAA2 /* ViewController.h */ = {isa = PBXFileReference; lastKnownFileType = sourcecode.c.h; path = ViewController.h; sourceTree = "<group>"; };
		99BE4AE01D1BAC4700E5BAA2 /* ViewController.m */ = {isa = PBXFileReference; lastKnownFileType = sourcecode.c.objc; path = ViewController.m; sourceTree = "<group>"; };
		99BE4AE31D1BAC4700E5BAA2 /* Base */ = {isa = PBXFileReference; lastKnownFileType = file.storyboard; name = Base; path = Base.lproj/Main.storyboard; sourceTree = "<group>"; };
		99BE4AE51D1BAC4700E5BAA2 /* Assets.xcassets */ = {isa = PBXFileReference; lastKnownFileType = folder.assetcatalog; path = Assets.xcassets; sourceTree = "<group>"; };
		99BE4AE81D1BAC4700E5BAA2 /* Base */ = {isa = PBXFileReference; lastKnownFileType = file.storyboard; name = Base; path = Base.lproj/LaunchScreen.storyboard; sourceTree = "<group>"; };
		99BE4AEA1D1BAC4700E5BAA2 /* Info.plist */ = {isa = PBXFileReference; lastKnownFileType = text.plist.xml; path = Info.plist; sourceTree = "<group>"; };
		99BE4AEF1D1BAC4700E5BAA2 /* QY_WidgetDemoTests.xctest */ = {isa = PBXFileReference; explicitFileType = wrapper.cfbundle; includeInIndex = 0; path = QY_WidgetDemoTests.xctest; sourceTree = BUILT_PRODUCTS_DIR; };
		99BE4AF31D1BAC4700E5BAA2 /* QY_WidgetDemoTests.m */ = {isa = PBXFileReference; lastKnownFileType = sourcecode.c.objc; path = QY_WidgetDemoTests.m; sourceTree = "<group>"; };
		99BE4AF51D1BAC4700E5BAA2 /* Info.plist */ = {isa = PBXFileReference; lastKnownFileType = text.plist.xml; path = Info.plist; sourceTree = "<group>"; };
		99BE4AFA1D1BAC4700E5BAA2 /* QY_WidgetDemoUITests.xctest */ = {isa = PBXFileReference; explicitFileType = wrapper.cfbundle; includeInIndex = 0; path = QY_WidgetDemoUITests.xctest; sourceTree = BUILT_PRODUCTS_DIR; };
		99BE4AFE1D1BAC4700E5BAA2 /* QY_WidgetDemoUITests.m */ = {isa = PBXFileReference; lastKnownFileType = sourcecode.c.objc; path = QY_WidgetDemoUITests.m; sourceTree = "<group>"; };
		99BE4B001D1BAC4700E5BAA2 /* Info.plist */ = {isa = PBXFileReference; lastKnownFileType = text.plist.xml; path = Info.plist; sourceTree = "<group>"; };
		99BE4B241D1BB0DA00E5BAA2 /* Calendar.appex */ = {isa = PBXFileReference; explicitFileType = "wrapper.app-extension"; includeInIndex = 0; path = Calendar.appex; sourceTree = BUILT_PRODUCTS_DIR; };
		99BE4B261D1BB0DA00E5BAA2 /* NotificationCenter.framework */ = {isa = PBXFileReference; lastKnownFileType = wrapper.framework; name = NotificationCenter.framework; path = System/Library/Frameworks/NotificationCenter.framework; sourceTree = SDKROOT; };
		99BE4B291D1BB0DA00E5BAA2 /* TodayViewController.h */ = {isa = PBXFileReference; lastKnownFileType = sourcecode.c.h; path = TodayViewController.h; sourceTree = "<group>"; };
		99BE4B2A1D1BB0DA00E5BAA2 /* TodayViewController.m */ = {isa = PBXFileReference; lastKnownFileType = sourcecode.c.objc; path = TodayViewController.m; sourceTree = "<group>"; };
		99BE4B2F1D1BB0DA00E5BAA2 /* Info.plist */ = {isa = PBXFileReference; lastKnownFileType = text.plist.xml; path = Info.plist; sourceTree = "<group>"; };
/* End PBXFileReference section */

/* Begin PBXFrameworksBuildPhase section */
		99BE4AD31D1BAC4600E5BAA2 /* Frameworks */ = {
			isa = PBXFrameworksBuildPhase;
			buildActionMask = 2147483647;
			files = (
			);
			runOnlyForDeploymentPostprocessing = 0;
		};
		99BE4AEC1D1BAC4700E5BAA2 /* Frameworks */ = {
			isa = PBXFrameworksBuildPhase;
			buildActionMask = 2147483647;
			files = (
			);
			runOnlyForDeploymentPostprocessing = 0;
		};
		99BE4AF71D1BAC4700E5BAA2 /* Frameworks */ = {
			isa = PBXFrameworksBuildPhase;
			buildActionMask = 2147483647;
			files = (
			);
			runOnlyForDeploymentPostprocessing = 0;
		};
		99BE4B211D1BB0DA00E5BAA2 /* Frameworks */ = {
			isa = PBXFrameworksBuildPhase;
			buildActionMask = 2147483647;
			files = (
				99BE4B271D1BB0DA00E5BAA2 /* NotificationCenter.framework in Frameworks */,
			);
			runOnlyForDeploymentPostprocessing = 0;
		};
/* End PBXFrameworksBuildPhase section */

/* Begin PBXGroup section */
		99BE4ACD1D1BAC4600E5BAA2 = {
			isa = PBXGroup;
			children = (
				99BE4AD81D1BAC4600E5BAA2 /* QY_WidgetDemo */,
				99BE4AF21D1BAC4700E5BAA2 /* QY_WidgetDemoTests */,
				99BE4AFD1D1BAC4700E5BAA2 /* QY_WidgetDemoUITests */,
				99BE4B281D1BB0DA00E5BAA2 /* Calendar */,
				99BE4B251D1BB0DA00E5BAA2 /* Frameworks */,
				99BE4AD71D1BAC4600E5BAA2 /* Products */,
			);
			sourceTree = "<group>";
		};
		99BE4AD71D1BAC4600E5BAA2 /* Products */ = {
			isa = PBXGroup;
			children = (
				99BE4AD61D1BAC4600E5BAA2 /* QY_WidgetDemo.app */,
				99BE4AEF1D1BAC4700E5BAA2 /* QY_WidgetDemoTests.xctest */,
				99BE4AFA1D1BAC4700E5BAA2 /* QY_WidgetDemoUITests.xctest */,
				99BE4B241D1BB0DA00E5BAA2 /* Calendar.appex */,
			);
			name = Products;
			sourceTree = "<group>";
		};
		99BE4AD81D1BAC4600E5BAA2 /* QY_WidgetDemo */ = {
			isa = PBXGroup;
			children = (
				99BE4ADC1D1BAC4700E5BAA2 /* AppDelegate.h */,
				99BE4ADD1D1BAC4700E5BAA2 /* AppDelegate.m */,
				99BE4ADF1D1BAC4700E5BAA2 /* ViewController.h */,
				99BE4AE01D1BAC4700E5BAA2 /* ViewController.m */,
				990CDFE41D1BCEF100A61965 /* QY_Calendar.h */,
				990CDFE51D1BCEF100A61965 /* QY_Calendar.m */,
				990CDFE81D1BE44300A61965 /* QY_Calendar.xib */,
				99BE4AE21D1BAC4700E5BAA2 /* Main.storyboard */,
				99BE4AE51D1BAC4700E5BAA2 /* Assets.xcassets */,
				99BE4AE71D1BAC4700E5BAA2 /* LaunchScreen.storyboard */,
				99BE4AEA1D1BAC4700E5BAA2 /* Info.plist */,
				99BE4AD91D1BAC4600E5BAA2 /* Supporting Files */,
			);
			path = QY_WidgetDemo;
			sourceTree = "<group>";
		};
		99BE4AD91D1BAC4600E5BAA2 /* Supporting Files */ = {
			isa = PBXGroup;
			children = (
				99BE4ADA1D1BAC4600E5BAA2 /* main.m */,
			);
			name = "Supporting Files";
			sourceTree = "<group>";
		};
		99BE4AF21D1BAC4700E5BAA2 /* QY_WidgetDemoTests */ = {
			isa = PBXGroup;
			children = (
				99BE4AF31D1BAC4700E5BAA2 /* QY_WidgetDemoTests.m */,
				99BE4AF51D1BAC4700E5BAA2 /* Info.plist */,
			);
			path = QY_WidgetDemoTests;
			sourceTree = "<group>";
		};
		99BE4AFD1D1BAC4700E5BAA2 /* QY_WidgetDemoUITests */ = {
			isa = PBXGroup;
			children = (
				99BE4AFE1D1BAC4700E5BAA2 /* QY_WidgetDemoUITests.m */,
				99BE4B001D1BAC4700E5BAA2 /* Info.plist */,
			);
			path = QY_WidgetDemoUITests;
			sourceTree = "<group>";
		};
		99BE4B251D1BB0DA00E5BAA2 /* Frameworks */ = {
			isa = PBXGroup;
			children = (
				99BE4B261D1BB0DA00E5BAA2 /* NotificationCenter.framework */,
			);
			name = Frameworks;
			sourceTree = "<group>";
		};
		99BE4B281D1BB0DA00E5BAA2 /* Calendar */ = {
			isa = PBXGroup;
			children = (
				99BE4B291D1BB0DA00E5BAA2 /* TodayViewController.h */,
				99BE4B2A1D1BB0DA00E5BAA2 /* TodayViewController.m */,
				99BE4B2F1D1BB0DA00E5BAA2 /* Info.plist */,
			);
			path = Calendar;
			sourceTree = "<group>";
		};
/* End PBXGroup section */

/* Begin PBXNativeTarget section */
		99BE4AD51D1BAC4600E5BAA2 /* QY_WidgetDemo */ = {
			isa = PBXNativeTarget;
			buildConfigurationList = 99BE4B031D1BAC4700E5BAA2 /* Build configuration list for PBXNativeTarget "QY_WidgetDemo" */;
			buildPhases = (
				99BE4AD21D1BAC4600E5BAA2 /* Sources */,
				99BE4AD31D1BAC4600E5BAA2 /* Frameworks */,
				99BE4AD41D1BAC4600E5BAA2 /* Resources */,
				99BE4B361D1BB0DA00E5BAA2 /* Embed App Extensions */,
			);
			buildRules = (
			);
			dependencies = (
				99BE4B311D1BB0DA00E5BAA2 /* PBXTargetDependency */,
			);
			name = QY_WidgetDemo;
			productName = QY_WidgetDemo;
			productReference = 99BE4AD61D1BAC4600E5BAA2 /* QY_WidgetDemo.app */;
			productType = "com.apple.product-type.application";
		};
		99BE4AEE1D1BAC4700E5BAA2 /* QY_WidgetDemoTests */ = {
			isa = PBXNativeTarget;
			buildConfigurationList = 99BE4B061D1BAC4700E5BAA2 /* Build configuration list for PBXNativeTarget "QY_WidgetDemoTests" */;
			buildPhases = (
				99BE4AEB1D1BAC4700E5BAA2 /* Sources */,
				99BE4AEC1D1BAC4700E5BAA2 /* Frameworks */,
				99BE4AED1D1BAC4700E5BAA2 /* Resources */,
			);
			buildRules = (
			);
			dependencies = (
				99BE4AF11D1BAC4700E5BAA2 /* PBXTargetDependency */,
			);
			name = QY_WidgetDemoTests;
			productName = QY_WidgetDemoTests;
			productReference = 99BE4AEF1D1BAC4700E5BAA2 /* QY_WidgetDemoTests.xctest */;
			productType = "com.apple.product-type.bundle.unit-test";
		};
		99BE4AF91D1BAC4700E5BAA2 /* QY_WidgetDemoUITests */ = {
			isa = PBXNativeTarget;
			buildConfigurationList = 99BE4B091D1BAC4700E5BAA2 /* Build configuration list for PBXNativeTarget "QY_WidgetDemoUITests" */;
			buildPhases = (
				99BE4AF61D1BAC4700E5BAA2 /* Sources */,
				99BE4AF71D1BAC4700E5BAA2 /* Frameworks */,
				99BE4AF81D1BAC4700E5BAA2 /* Resources */,
			);
			buildRules = (
			);
			dependencies = (
				99BE4AFC1D1BAC4700E5BAA2 /* PBXTargetDependency */,
			);
			name = QY_WidgetDemoUITests;
			productName = QY_WidgetDemoUITests;
			productReference = 99BE4AFA1D1BAC4700E5BAA2 /* QY_WidgetDemoUITests.xctest */;
			productType = "com.apple.product-type.bundle.ui-testing";
		};
		99BE4B231D1BB0DA00E5BAA2 /* Calendar */ = {
			isa = PBXNativeTarget;
			buildConfigurationList = 99BE4B351D1BB0DA00E5BAA2 /* Build configuration list for PBXNativeTarget "Calendar" */;
			buildPhases = (
				99BE4B201D1BB0DA00E5BAA2 /* Sources */,
				99BE4B211D1BB0DA00E5BAA2 /* Frameworks */,
				99BE4B221D1BB0DA00E5BAA2 /* Resources */,
			);
			buildRules = (
			);
			dependencies = (
			);
			name = Calendar;
			productName = Calendar;
			productReference = 99BE4B241D1BB0DA00E5BAA2 /* Calendar.appex */;
			productType = "com.apple.product-type.app-extension";
		};
/* End PBXNativeTarget section */

/* Begin PBXProject section */
		99BE4ACE1D1BAC4600E5BAA2 /* Project object */ = {
			isa = PBXProject;
			attributes = {
				LastUpgradeCheck = 0730;
				ORGANIZATIONNAME = ihefe_hlh;
				TargetAttributes = {
					99BE4AD51D1BAC4600E5BAA2 = {
						CreatedOnToolsVersion = 7.3;
					};
					99BE4AEE1D1BAC4700E5BAA2 = {
						CreatedOnToolsVersion = 7.3;
						TestTargetID = 99BE4AD51D1BAC4600E5BAA2;
					};
					99BE4AF91D1BAC4700E5BAA2 = {
						CreatedOnToolsVersion = 7.3;
						TestTargetID = 99BE4AD51D1BAC4600E5BAA2;
					};
					99BE4B231D1BB0DA00E5BAA2 = {
						CreatedOnToolsVersion = 7.3;
					};
				};
			};
			buildConfigurationList = 99BE4AD11D1BAC4600E5BAA2 /* Build configuration list for PBXProject "QY_WidgetDemo" */;
			compatibilityVersion = "Xcode 3.2";
			developmentRegion = English;
			hasScannedForEncodings = 0;
			knownRegions = (
				en,
				Base,
			);
			mainGroup = 99BE4ACD1D1BAC4600E5BAA2;
			productRefGroup = 99BE4AD71D1BAC4600E5BAA2 /* Products */;
			projectDirPath = "";
			projectRoot = "";
			targets = (
				99BE4AD51D1BAC4600E5BAA2 /* QY_WidgetDemo */,
				99BE4AEE1D1BAC4700E5BAA2 /* QY_WidgetDemoTests */,
				99BE4AF91D1BAC4700E5BAA2 /* QY_WidgetDemoUITests */,
				99BE4B231D1BB0DA00E5BAA2 /* Calendar */,
			);
		};
/* End PBXProject section */

/* Begin PBXResourcesBuildPhase section */
		99BE4AD41D1BAC4600E5BAA2 /* Resources */ = {
			isa = PBXResourcesBuildPhase;
			buildActionMask = 2147483647;
			files = (
				99BE4AE91D1BAC4700E5BAA2 /* LaunchScreen.storyboard in Resources */,
				99BE4AE61D1BAC4700E5BAA2 /* Assets.xcassets in Resources */,
				99BE4AE41D1BAC4700E5BAA2 /* Main.storyboard in Resources */,
				990CDFE91D1BE44300A61965 /* QY_Calendar.xib in Resources */,
			);
			runOnlyForDeploymentPostprocessing = 0;
		};
		99BE4AED1D1BAC4700E5BAA2 /* Resources */ = {
			isa = PBXResourcesBuildPhase;
			buildActionMask = 2147483647;
			files = (
			);
			runOnlyForDeploymentPostprocessing = 0;
		};
		99BE4AF81D1BAC4700E5BAA2 /* Resources */ = {
			isa = PBXResourcesBuildPhase;
			buildActionMask = 2147483647;
			files = (
			);
			runOnlyForDeploymentPostprocessing = 0;
		};
		99BE4B221D1BB0DA00E5BAA2 /* Resources */ = {
			isa = PBXResourcesBuildPhase;
			buildActionMask = 2147483647;
			files = (
				990CDFEA1D1BE44300A61965 /* QY_Calendar.xib in Resources */,
			);
			runOnlyForDeploymentPostprocessing = 0;
		};
/* End PBXResourcesBuildPhase section */

/* Begin PBXSourcesBuildPhase section */
		99BE4AD21D1BAC4600E5BAA2 /* Sources */ = {
			isa = PBXSourcesBuildPhase;
			buildActionMask = 2147483647;
			files = (
				99BE4AE11D1BAC4700E5BAA2 /* ViewController.m in Sources */,
				99BE4ADE1D1BAC4700E5BAA2 /* AppDelegate.m in Sources */,
				99BE4ADB1D1BAC4600E5BAA2 /* main.m in Sources */,
				990CDFE61D1BCEF100A61965 /* QY_Calendar.m in Sources */,
			);
			runOnlyForDeploymentPostprocessing = 0;
		};
		99BE4AEB1D1BAC4700E5BAA2 /* Sources */ = {
			isa = PBXSourcesBuildPhase;
			buildActionMask = 2147483647;
			files = (
				99BE4AF41D1BAC4700E5BAA2 /* QY_WidgetDemoTests.m in Sources */,
			);
			runOnlyForDeploymentPostprocessing = 0;
		};
		99BE4AF61D1BAC4700E5BAA2 /* Sources */ = {
			isa = PBXSourcesBuildPhase;
			buildActionMask = 2147483647;
			files = (
				99BE4AFF1D1BAC4700E5BAA2 /* QY_WidgetDemoUITests.m in Sources */,
			);
			runOnlyForDeploymentPostprocessing = 0;
		};
		99BE4B201D1BB0DA00E5BAA2 /* Sources */ = {
			isa = PBXSourcesBuildPhase;
			buildActionMask = 2147483647;
			files = (
				99BE4B2B1D1BB0DA00E5BAA2 /* TodayViewController.m in Sources */,
				990CDFE71D1BCEF100A61965 /* QY_Calendar.m in Sources */,
			);
			runOnlyForDeploymentPostprocessing = 0;
		};
/* End PBXSourcesBuildPhase section */

/* Begin PBXTargetDependency section */
		99BE4AF11D1BAC4700E5BAA2 /* PBXTargetDependency */ = {
			isa = PBXTargetDependency;
			target = 99BE4AD51D1BAC4600E5BAA2 /* QY_WidgetDemo */;
			targetProxy = 99BE4AF01D1BAC4700E5BAA2 /* PBXContainerItemProxy */;
		};
		99BE4AFC1D1BAC4700E5BAA2 /* PBXTargetDependency */ = {
			isa = PBXTargetDependency;
			target = 99BE4AD51D1BAC4600E5BAA2 /* QY_WidgetDemo */;
			targetProxy = 99BE4AFB1D1BAC4700E5BAA2 /* PBXContainerItemProxy */;
		};
		99BE4B311D1BB0DA00E5BAA2 /* PBXTargetDependency */ = {
			isa = PBXTargetDependency;
			target = 99BE4B231D1BB0DA00E5BAA2 /* Calendar */;
			targetProxy = 99BE4B301D1BB0DA00E5BAA2 /* PBXContainerItemProxy */;
		};
/* End PBXTargetDependency section */

/* Begin PBXVariantGroup section */
		99BE4AE21D1BAC4700E5BAA2 /* Main.storyboard */ = {
			isa = PBXVariantGroup;
			children = (
				99BE4AE31D1BAC4700E5BAA2 /* Base */,
			);
			name = Main.storyboard;
			sourceTree = "<group>";
		};
		99BE4AE71D1BAC4700E5BAA2 /* LaunchScreen.storyboard */ = {
			isa = PBXVariantGroup;
			children = (
				99BE4AE81D1BAC4700E5BAA2 /* Base */,
			);
			name = LaunchScreen.storyboard;
			sourceTree = "<group>";
		};
/* End PBXVariantGroup section */

/* Begin XCBuildConfiguration section */
		99BE4B011D1BAC4700E5BAA2 /* Debug */ = {
			isa = XCBuildConfiguration;
			buildSettings = {
				ALWAYS_SEARCH_USER_PATHS = NO;
				CLANG_ANALYZER_NONNULL = YES;
				CLANG_CXX_LANGUAGE_STANDARD = "gnu++0x";
				CLANG_CXX_LIBRARY = "libc++";
				CLANG_ENABLE_MODULES = YES;
				CLANG_ENABLE_OBJC_ARC = YES;
				CLANG_WARN_BOOL_CONVERSION = YES;
				CLANG_WARN_CONSTANT_CONVERSION = YES;
				CLANG_WARN_DIRECT_OBJC_ISA_USAGE = YES_ERROR;
				CLANG_WARN_EMPTY_BODY = YES;
				CLANG_WARN_ENUM_CONVERSION = YES;
				CLANG_WARN_INT_CONVERSION = YES;
				CLANG_WARN_OBJC_ROOT_CLASS = YES_ERROR;
				CLANG_WARN_UNREACHABLE_CODE = YES;
				CLANG_WARN__DUPLICATE_METHOD_MATCH = YES;
				"CODE_SIGN_IDENTITY[sdk=iphoneos*]" = "iPhone Developer";
				COPY_PHASE_STRIP = NO;
				DEBUG_INFORMATION_FORMAT = dwarf;
				ENABLE_STRICT_OBJC_MSGSEND = YES;
				ENABLE_TESTABILITY = YES;
				GCC_C_LANGUAGE_STANDARD = gnu99;
				GCC_DYNAMIC_NO_PIC = NO;
				GCC_NO_COMMON_BLOCKS = YES;
				GCC_OPTIMIZATION_LEVEL = 0;
				GCC_PREPROCESSOR_DEFINITIONS = (
					"DEBUG=1",
					"$(inherited)",
				);
				GCC_WARN_64_TO_32_BIT_CONVERSION = YES;
				GCC_WARN_ABOUT_RETURN_TYPE = YES_ERROR;
				GCC_WARN_UNDECLARED_SELECTOR = YES;
				GCC_WARN_UNINITIALIZED_AUTOS = YES_AGGRESSIVE;
				GCC_WARN_UNUSED_FUNCTION = YES;
				GCC_WARN_UNUSED_VARIABLE = YES;
				IPHONEOS_DEPLOYMENT_TARGET = 9.3;
				MTL_ENABLE_DEBUG_INFO = YES;
				ONLY_ACTIVE_ARCH = YES;
				SDKROOT = iphoneos;
			};
			name = Debug;
		};
		99BE4B021D1BAC4700E5BAA2 /* Release */ = {
			isa = XCBuildConfiguration;
			buildSettings = {
				ALWAYS_SEARCH_USER_PATHS = NO;
				CLANG_ANALYZER_NONNULL = YES;
				CLANG_CXX_LANGUAGE_STANDARD = "gnu++0x";
				CLANG_CXX_LIBRARY = "libc++";
				CLANG_ENABLE_MODULES = YES;
				CLANG_ENABLE_OBJC_ARC = YES;
				CLANG_WARN_BOOL_CONVERSION = YES;
				CLANG_WARN_CONSTANT_CONVERSION = YES;
				CLANG_WARN_DIRECT_OBJC_ISA_USAGE = YES_ERROR;
				CLANG_WARN_EMPTY_BODY = YES;
				CLANG_WARN_ENUM_CONVERSION = YES;
				CLANG_WARN_INT_CONVERSION = YES;
				CLANG_WARN_OBJC_ROOT_CLASS = YES_ERROR;
				CLANG_WARN_UNREACHABLE_CODE = YES;
				CLANG_WARN__DUPLICATE_METHOD_MATCH = YES;
				"CODE_SIGN_IDENTITY[sdk=iphoneos*]" = "iPhone Developer";
				COPY_PHASE_STRIP = NO;
				DEBUG_INFORMATION_FORMAT = "dwarf-with-dsym";
				ENABLE_NS_ASSERTIONS = NO;
				ENABLE_STRICT_OBJC_MSGSEND = YES;
				GCC_C_LANGUAGE_STANDARD = gnu99;
				GCC_NO_COMMON_BLOCKS = YES;
				GCC_WARN_64_TO_32_BIT_CONVERSION = YES;
				GCC_WARN_ABOUT_RETURN_TYPE = YES_ERROR;
				GCC_WARN_UNDECLARED_SELECTOR = YES;
				GCC_WARN_UNINITIALIZED_AUTOS = YES_AGGRESSIVE;
				GCC_WARN_UNUSED_FUNCTION = YES;
				GCC_WARN_UNUSED_VARIABLE = YES;
				IPHONEOS_DEPLOYMENT_TARGET = 9.3;
				MTL_ENABLE_DEBUG_INFO = NO;
				SDKROOT = iphoneos;
				VALIDATE_PRODUCT = YES;
			};
			name = Release;
		};
		99BE4B041D1BAC4700E5BAA2 /* Debug */ = {
			isa = XCBuildConfiguration;
			buildSettings = {
				ASSETCATALOG_COMPILER_APPICON_NAME = AppIcon;
				INFOPLIST_FILE = QY_WidgetDemo/Info.plist;
				LD_RUNPATH_SEARCH_PATHS = "$(inherited) @executable_path/Frameworks";
				PRODUCT_BUNDLE_IDENTIFIER = "com.ihefe.QY-WidgetDemo";
				PRODUCT_NAME = "$(TARGET_NAME)";
			};
			name = Debug;
		};
		99BE4B051D1BAC4700E5BAA2 /* Release */ = {
			isa = XCBuildConfiguration;
			buildSettings = {
				ASSETCATALOG_COMPILER_APPICON_NAME = AppIcon;
				INFOPLIST_FILE = QY_WidgetDemo/Info.plist;
				LD_RUNPATH_SEARCH_PATHS = "$(inherited) @executable_path/Frameworks";
				PRODUCT_BUNDLE_IDENTIFIER = "com.ihefe.QY-WidgetDemo";
				PRODUCT_NAME = "$(TARGET_NAME)";
			};
			name = Release;
		};
		99BE4B071D1BAC4700E5BAA2 /* Debug */ = {
			isa = XCBuildConfiguration;
			buildSettings = {
				BUNDLE_LOADER = "$(TEST_HOST)";
				INFOPLIST_FILE = QY_WidgetDemoTests/Info.plist;
				LD_RUNPATH_SEARCH_PATHS = "$(inherited) @executable_path/Frameworks @loader_path/Frameworks";
				PRODUCT_BUNDLE_IDENTIFIER = "com.ihefe.QY-WidgetDemoTests";
				PRODUCT_NAME = "$(TARGET_NAME)";
				TEST_HOST = "$(BUILT_PRODUCTS_DIR)/QY_WidgetDemo.app/QY_WidgetDemo";
			};
			name = Debug;
		};
		99BE4B081D1BAC4700E5BAA2 /* Release */ = {
			isa = XCBuildConfiguration;
			buildSettings = {
				BUNDLE_LOADER = "$(TEST_HOST)";
				INFOPLIST_FILE = QY_WidgetDemoTests/Info.plist;
				LD_RUNPATH_SEARCH_PATHS = "$(inherited) @executable_path/Frameworks @loader_path/Frameworks";
				PRODUCT_BUNDLE_IDENTIFIER = "com.ihefe.QY-WidgetDemoTests";
				PRODUCT_NAME = "$(TARGET_NAME)";
				TEST_HOST = "$(BUILT_PRODUCTS_DIR)/QY_WidgetDemo.app/QY_WidgetDemo";
			};
			name = Release;
		};
		99BE4B0A1D1BAC4700E5BAA2 /* Debug */ = {
			isa = XCBuildConfiguration;
			buildSettings = {
				INFOPLIST_FILE = QY_WidgetDemoUITests/Info.plist;
				LD_RUNPATH_SEARCH_PATHS = "$(inherited) @executable_path/Frameworks @loader_path/Frameworks";
				PRODUCT_BUNDLE_IDENTIFIER = "com.ihefe.QY-WidgetDemoUITests";
				PRODUCT_NAME = "$(TARGET_NAME)";
				TEST_TARGET_NAME = QY_WidgetDemo;
			};
			name = Debug;
		};
		99BE4B0B1D1BAC4700E5BAA2 /* Release */ = {
			isa = XCBuildConfiguration;
			buildSettings = {
				INFOPLIST_FILE = QY_WidgetDemoUITests/Info.plist;
				LD_RUNPATH_SEARCH_PATHS = "$(inherited) @executable_path/Frameworks @loader_path/Frameworks";
				PRODUCT_BUNDLE_IDENTIFIER = "com.ihefe.QY-WidgetDemoUITests";
				PRODUCT_NAME = "$(TARGET_NAME)";
				TEST_TARGET_NAME = QY_WidgetDemo;
			};
			name = Release;
		};
		99BE4B331D1BB0DA00E5BAA2 /* Debug */ = {
			isa = XCBuildConfiguration;
			buildSettings = {
				INFOPLIST_FILE = Calendar/Info.plist;
				LD_RUNPATH_SEARCH_PATHS = "$(inherited) @executable_path/Frameworks @executable_path/../../Frameworks";
				PRODUCT_BUNDLE_IDENTIFIER = "com.ihefe.QY-WidgetDemo.Calendar";
				PRODUCT_NAME = "$(TARGET_NAME)";
				SKIP_INSTALL = YES;
			};
			name = Debug;
		};
		99BE4B341D1BB0DA00E5BAA2 /* Release */ = {
			isa = XCBuildConfiguration;
			buildSettings = {
				INFOPLIST_FILE = Calendar/Info.plist;
				LD_RUNPATH_SEARCH_PATHS = "$(inherited) @executable_path/Frameworks @executable_path/../../Frameworks";
				PRODUCT_BUNDLE_IDENTIFIER = "com.ihefe.QY-WidgetDemo.Calendar";
				PRODUCT_NAME = "$(TARGET_NAME)";
				SKIP_INSTALL = YES;
			};
			name = Release;
		};
/* End XCBuildConfiguration section */

/* Begin XCConfigurationList section */
		99BE4AD11D1BAC4600E5BAA2 /* Build configuration list for PBXProject "QY_WidgetDemo" */ = {
			isa = XCConfigurationList;
			buildConfigurations = (
				99BE4B011D1BAC4700E5BAA2 /* Debug */,
				99BE4B021D1BAC4700E5BAA2 /* Release */,
			);
			defaultConfigurationIsVisible = 0;
			defaultConfigurationName = Release;
		};
		99BE4B031D1BAC4700E5BAA2 /* Build configuration list for PBXNativeTarget "QY_WidgetDemo" */ = {
			isa = XCConfigurationList;
			buildConfigurations = (
				99BE4B041D1BAC4700E5BAA2 /* Debug */,
				99BE4B051D1BAC4700E5BAA2 /* Release */,
			);
			defaultConfigurationIsVisible = 0;
			defaultConfigurationName = Release;
		};
		99BE4B061D1BAC4700E5BAA2 /* Build configuration list for PBXNativeTarget "QY_WidgetDemoTests" */ = {
			isa = XCConfigurationList;
			buildConfigurations = (
				99BE4B071D1BAC4700E5BAA2 /* Debug */,
				99BE4B081D1BAC4700E5BAA2 /* Release */,
			);
			defaultConfigurationIsVisible = 0;
			defaultConfigurationName = Release;
		};
		99BE4B091D1BAC4700E5BAA2 /* Build configuration list for PBXNativeTarget "QY_WidgetDemoUITests" */ = {
			isa = XCConfigurationList;
			buildConfigurations = (
				99BE4B0A1D1BAC4700E5BAA2 /* Debug */,
				99BE4B0B1D1BAC4700E5BAA2 /* Release */,
			);
			defaultConfigurationIsVisible = 0;
			defaultConfigurationName = Release;
		};
		99BE4B351D1BB0DA00E5BAA2 /* Build configuration list for PBXNativeTarget "Calendar" */ = {
			isa = XCConfigurationList;
			buildConfigurations = (
				99BE4B331D1BB0DA00E5BAA2 /* Debug */,
				99BE4B341D1BB0DA00E5BAA2 /* Release */,
			);
			defaultConfigurationIsVisible = 0;
			defaultConfigurationName = Release;
		};
/* End XCConfigurationList section */
	};
	rootObject = 99BE4ACE1D1BAC4600E5BAA2 /* Project object */;
}
